{
    "_readme": [
        "This file locks the dependencies of your project to a known state",
        "Read more about it at https://getcomposer.org/doc/01-basic-usage.md#installing-dependencies",
        "This file is @generated automatically"
    ],
    "content-hash": "145ebb001d0add8dd155e91e7df265b0",
    "packages": [
        {
            "name": "dg/rss-php",
            "version": "v1.2",
            "source": {
                "type": "git",
                "url": "https://github.com/dg/rss-php.git",
                "reference": "b33661748d89d8c0c288e8d86feada6018d05031"
            },
            "dist": {
                "type": "zip",
                "url": "https://api.github.com/repos/dg/rss-php/zipball/b33661748d89d8c0c288e8d86feada6018d05031",
                "reference": "b33661748d89d8c0c288e8d86feada6018d05031",
                "shasum": ""
            },
            "require": {
                "php": ">=5.2.2"
            },
            "type": "library",
            "autoload": {
                "classmap": [
                    "src/"
                ]
            },
            "notification-url": "https://packagist.org/downloads/",
            "license": [
                "BSD-3-Clause"
            ],
            "authors": [
                {
                    "name": "David Grudl",
                    "homepage": "http://davidgrudl.com"
                }
            ],
            "description": "RSS & Atom Feeds for PHP is a very small and easy-to-use library for consuming an RSS and Atom feed",
            "homepage": "https://github.com/dg/rss-php",
            "keywords": [
                "atom",
                "feed",
                "rss"
            ],
            "time": "2015-07-02T11:54:05+00:00"
        },
        {
            "name": "evert/sitemap-php",
            "version": "1.2.0",
            "source": {
                "type": "git",
                "url": "https://github.com/evert/sitemap-php.git",
                "reference": "be07a062943401067bf0ba62710ca733c838bc24"
            },
            "dist": {
                "type": "zip",
                "url": "https://api.github.com/repos/evert/sitemap-php/zipball/be07a062943401067bf0ba62710ca733c838bc24",
                "reference": "be07a062943401067bf0ba62710ca733c838bc24",
                "shasum": ""
            },
            "require": {
                "php": ">=5.3.0"
            },
            "type": "library",
            "autoload": {
                "psr-0": {
                    "SitemapPHP": "src/"
                }
            },
            "notification-url": "https://packagist.org/downloads/",
            "license": [
                "MIT"
            ],
            "authors": [
                {
                    "name": "Osman Ungur",
                    "email": "osmanungur@gmail.com"
                },
                {
                    "name": "Evert Pot",
                    "email": "evert@rooftopsolutions.nl"
                }
            ],
            "description": "Lightweight library for generating Google sitemap XML files",
            "homepage": "http://code.google.com/p/sabredav/",
            "keywords": [
                "Sitemap"
            ],
            "abandoned": true,
            "time": "2015-04-17T21:45:50+00:00"
        },
        {
            "name": "guzzle/guzzle",
            "version": "v3.9.3",
            "source": {
                "type": "git",
                "url": "https://github.com/guzzle/guzzle3.git",
                "reference": "0645b70d953bc1c067bbc8d5bc53194706b628d9"
            },
            "dist": {
                "type": "zip",
                "url": "https://api.github.com/repos/guzzle/guzzle3/zipball/0645b70d953bc1c067bbc8d5bc53194706b628d9",
                "reference": "0645b70d953bc1c067bbc8d5bc53194706b628d9",
                "shasum": ""
            },
            "require": {
                "ext-curl": "*",
                "php": ">=5.3.3",
                "symfony/event-dispatcher": "~2.1"
            },
            "replace": {
                "guzzle/batch": "self.version",
                "guzzle/cache": "self.version",
                "guzzle/common": "self.version",
                "guzzle/http": "self.version",
                "guzzle/inflection": "self.version",
                "guzzle/iterator": "self.version",
                "guzzle/log": "self.version",
                "guzzle/parser": "self.version",
                "guzzle/plugin": "self.version",
                "guzzle/plugin-async": "self.version",
                "guzzle/plugin-backoff": "self.version",
                "guzzle/plugin-cache": "self.version",
                "guzzle/plugin-cookie": "self.version",
                "guzzle/plugin-curlauth": "self.version",
                "guzzle/plugin-error-response": "self.version",
                "guzzle/plugin-history": "self.version",
                "guzzle/plugin-log": "self.version",
                "guzzle/plugin-md5": "self.version",
                "guzzle/plugin-mock": "self.version",
                "guzzle/plugin-oauth": "self.version",
                "guzzle/service": "self.version",
                "guzzle/stream": "self.version"
            },
            "require-dev": {
                "doctrine/cache": "~1.3",
                "monolog/monolog": "~1.0",
                "phpunit/phpunit": "3.7.*",
                "psr/log": "~1.0",
                "symfony/class-loader": "~2.1",
                "zendframework/zend-cache": "2.*,<2.3",
                "zendframework/zend-log": "2.*,<2.3"
            },
            "suggest": {
                "guzzlehttp/guzzle": "Guzzle 5 has moved to a new package name. The package you have installed, Guzzle 3, is deprecated."
            },
            "type": "library",
            "extra": {
                "branch-alias": {
                    "dev-master": "3.9-dev"
                }
            },
            "autoload": {
                "psr-0": {
                    "Guzzle": "src/",
                    "Guzzle\\Tests": "tests/"
                }
            },
            "notification-url": "https://packagist.org/downloads/",
            "license": [
                "MIT"
            ],
            "authors": [
                {
                    "name": "Michael Dowling",
                    "email": "mtdowling@gmail.com",
                    "homepage": "https://github.com/mtdowling"
                },
                {
                    "name": "Guzzle Community",
                    "homepage": "https://github.com/guzzle/guzzle/contributors"
                }
            ],
            "description": "PHP HTTP client. This library is deprecated in favor of https://packagist.org/packages/guzzlehttp/guzzle",
            "homepage": "http://guzzlephp.org/",
            "keywords": [
                "client",
                "curl",
                "framework",
                "http",
                "http client",
                "rest",
                "web service"
            ],
            "abandoned": "guzzlehttp/guzzle",
            "time": "2015-03-18T18:23:50+00:00"
        },
        {
            "name": "omnipay/authorizenet",
            "version": "2.5.0",
            "source": {
                "type": "git",
                "url": "https://github.com/thephpleague/omnipay-authorizenet.git",
                "reference": "229bdb205384f2e3bf844cdf258927895b4858d5"
            },
            "dist": {
                "type": "zip",
                "url": "https://api.github.com/repos/thephpleague/omnipay-authorizenet/zipball/229bdb205384f2e3bf844cdf258927895b4858d5",
                "reference": "229bdb205384f2e3bf844cdf258927895b4858d5",
                "shasum": ""
            },
            "require": {
                "omnipay/common": "~2.2"
            },
            "require-dev": {
                "omnipay/tests": "~2.0"
            },
            "type": "library",
            "extra": {
                "branch-alias": {
                    "dev-master": "2.0.x-dev"
                }
            },
            "autoload": {
                "psr-4": {
                    "Omnipay\\AuthorizeNet\\": "src/"
                }
            },
            "notification-url": "https://packagist.org/downloads/",
            "license": [
                "MIT"
            ],
            "authors": [
                {
                    "name": "Adrian Macneil",
                    "email": "adrian@adrianmacneil.com"
                },
                {
                    "name": "Omnipay Contributors",
                    "homepage": "https://github.com/thephpleague/omnipay-authorizenet/contributors"
                }
            ],
            "description": "Authorize.Net gateway for the Omnipay payment processing library",
            "homepage": "https://github.com/thephpleague/omnipay-authorizenet",
            "keywords": [
                "authorize",
                "authorize net",
                "authorize.net",
                "gateway",
                "merchant",
                "omnipay",
                "pay",
                "payment"
            ],
            "time": "2017-03-07T14:00:14+00:00"
        },
        {
            "name": "omnipay/common",
            "version": "2.5.2",
            "source": {
                "type": "git",
                "url": "https://github.com/thephpleague/omnipay-common.git",
                "reference": "54910f2ece6b1be64f5e53e2111dd1254d50ee49"
            },
            "dist": {
                "type": "zip",
                "url": "https://api.github.com/repos/thephpleague/omnipay-common/zipball/54910f2ece6b1be64f5e53e2111dd1254d50ee49",
                "reference": "54910f2ece6b1be64f5e53e2111dd1254d50ee49",
                "shasum": ""
            },
            "require": {
                "guzzle/guzzle": "~3.9",
                "php": ">=5.3.2",
                "symfony/http-foundation": "~2.1|~3.0"
            },
            "require-dev": {
                "omnipay/tests": "~2.0",
                "squizlabs/php_codesniffer": "~1.5"
            },
            "type": "library",
            "extra": {
                "branch-alias": {
                    "dev-master": "2.5.x-dev"
                },
                "gateways": [
                    "AuthorizeNet_AIM",
                    "AuthorizeNet_SIM",
                    "Buckaroo_CreditCard",
                    "Buckaroo_Ideal",
                    "Buckaroo_PayPal",
                    "CardSave",
                    "Coinbase",
                    "Dummy",
                    "Eway_Rapid",
                    "FirstData_Connect",
                    "GoCardless",
                    "Manual",
                    "Migs_ThreeParty",
                    "Migs_TwoParty",
                    "Mollie",
                    "MultiSafepay",
                    "Netaxept",
                    "NetBanx",
                    "PayFast",
                    "Payflow_Pro",
                    "PaymentExpress_PxPay",
                    "PaymentExpress_PxPost",
                    "PayPal_Express",
                    "PayPal_Pro",
                    "Pin",
                    "SagePay_Direct",
                    "SagePay_Server",
                    "SecurePay_DirectPost",
                    "Stripe",
                    "TargetPay_Directebanking",
                    "TargetPay_Ideal",
                    "TargetPay_Mrcash",
                    "WorldPay"
                ]
            },
            "autoload": {
                "psr-0": {
                    "Omnipay\\Common\\": "src/"
                },
                "classmap": [
                    "src/Omnipay/Omnipay.php"
                ]
            },
            "notification-url": "https://packagist.org/downloads/",
            "license": [
                "MIT"
            ],
            "authors": [
                {
                    "name": "Adrian Macneil",
                    "email": "adrian@adrianmacneil.com"
                },
                {
                    "name": "Omnipay Contributors",
                    "homepage": "https://github.com/thephpleague/omnipay-common/contributors"
                }
            ],
            "description": "Common components for Omnipay payment processing library",
            "homepage": "https://github.com/thephpleague/omnipay-common",
            "keywords": [
                "gateway",
                "merchant",
                "omnipay",
                "pay",
                "payment",
                "purchase"
            ],
            "time": "2016-11-07T06:10:23+00:00"
        },
        {
            "name": "omnipay/firstdata",
            "version": "v2.3.0",
            "source": {
                "type": "git",
                "url": "https://github.com/thephpleague/omnipay-firstdata.git",
                "reference": "e33826821db88d90886cad6c81a29452d3cf91a2"
            },
            "dist": {
                "type": "zip",
                "url": "https://api.github.com/repos/thephpleague/omnipay-firstdata/zipball/e33826821db88d90886cad6c81a29452d3cf91a2",
                "reference": "e33826821db88d90886cad6c81a29452d3cf91a2",
                "shasum": ""
            },
            "require": {
                "omnipay/common": "~2.0"
            },
            "require-dev": {
                "omnipay/tests": "~2.0"
            },
            "type": "library",
            "extra": {
                "branch-alias": {
                    "dev-master": "2.0.x-dev"
                }
            },
            "autoload": {
                "psr-4": {
                    "Omnipay\\FirstData\\": "src/"
                }
            },
            "notification-url": "https://packagist.org/downloads/",
            "license": [
                "MIT"
            ],
            "authors": [
                {
                    "name": "Adrian Macneil",
                    "email": "adrian@adrianmacneil.com"
                },
                {
                    "name": "Omnipay Contributors",
                    "homepage": "https://github.com/thephpleague/omnipay-firstdata/contributors"
                }
            ],
            "description": "First Data driver for the Omnipay payment processing library",
            "homepage": "https://github.com/thephpleague/omnipay-firstdata",
            "keywords": [
                "first data",
                "firstdata",
                "gateway",
                "merchant",
                "omnipay",
                "pay",
                "payment"
            ],
            "time": "2016-01-14T06:24:28+00:00"
        },
        {
            "name": "omnipay/payflow",
            "version": "v2.2.1",
            "source": {
                "type": "git",
                "url": "https://github.com/thephpleague/omnipay-payflow.git",
                "reference": "4a89c0450b356fca57c0ee4d3ea08145ea93449f"
            },
            "dist": {
                "type": "zip",
                "url": "https://api.github.com/repos/thephpleague/omnipay-payflow/zipball/4a89c0450b356fca57c0ee4d3ea08145ea93449f",
                "reference": "4a89c0450b356fca57c0ee4d3ea08145ea93449f",
                "shasum": ""
            },
            "require": {
                "omnipay/common": "~2.0"
            },
            "require-dev": {
                "omnipay/tests": "~2.0"
            },
            "type": "library",
            "extra": {
                "branch-alias": {
                    "dev-master": "2.0.x-dev"
                }
            },
            "autoload": {
                "psr-4": {
                    "Omnipay\\Payflow\\": "src/"
                }
            },
            "notification-url": "https://packagist.org/downloads/",
            "license": [
                "MIT"
            ],
            "authors": [
                {
                    "name": "Adrian Macneil",
                    "email": "adrian@adrianmacneil.com"
                },
                {
                    "name": "Omnipay Contributors",
                    "homepage": "https://github.com/thephpleague/omnipay-payflow/contributors"
                }
            ],
            "description": "Payflow driver for the Omnipay payment processing library",
            "homepage": "https://github.com/thephpleague/omnipay-payflow",
            "keywords": [
                "gateway",
                "merchant",
                "omnipay",
                "pay",
                "payflow",
                "payment"
            ],
            "time": "2016-07-30T08:33:58+00:00"
        },
        {
            "name": "omnipay/paypal",
            "version": "v2.6.3",
            "source": {
                "type": "git",
                "url": "https://github.com/thephpleague/omnipay-paypal.git",
                "reference": "e06c8814deacc793715bb9fd3fcae5995b5d8d6b"
            },
            "dist": {
                "type": "zip",
                "url": "https://api.github.com/repos/thephpleague/omnipay-paypal/zipball/e06c8814deacc793715bb9fd3fcae5995b5d8d6b",
                "reference": "e06c8814deacc793715bb9fd3fcae5995b5d8d6b",
                "shasum": ""
            },
            "require": {
                "omnipay/common": "~2.0"
            },
            "require-dev": {
                "omnipay/tests": "~2.0"
            },
            "type": "library",
            "extra": {
                "branch-alias": {
                    "dev-master": "2.3.x-dev"
                }
            },
            "autoload": {
                "psr-4": {
                    "Omnipay\\PayPal\\": "src/"
                }
            },
            "notification-url": "https://packagist.org/downloads/",
            "license": [
                "MIT"
            ],
            "authors": [
                {
                    "name": "Adrian Macneil",
                    "email": "adrian@adrianmacneil.com"
                },
                {
                    "name": "Omnipay Contributors",
                    "homepage": "https://github.com/thephpleague/omnipay-paypal/contributors"
                }
            ],
            "description": "PayPal gateway for Omnipay payment processing library",
            "homepage": "https://github.com/thephpleague/omnipay-paypal",
            "keywords": [
                "gateway",
                "merchant",
                "omnipay",
                "pay",
                "payment",
                "paypal",
                "purchase"
            ],
            "time": "2016-12-22T12:35:25+00:00"
        },
        {
            "name": "omnipay/stripe",
            "version": "v2.4.2",
            "source": {
                "type": "git",
                "url": "https://github.com/thephpleague/omnipay-stripe.git",
                "reference": "50bdec8d7d1562c52dd56928243be4a04bcf20e6"
            },
            "dist": {
                "type": "zip",
                "url": "https://api.github.com/repos/thephpleague/omnipay-stripe/zipball/50bdec8d7d1562c52dd56928243be4a04bcf20e6",
                "reference": "50bdec8d7d1562c52dd56928243be4a04bcf20e6",
                "shasum": ""
            },
            "require": {
                "omnipay/common": "~2.0"
            },
            "require-dev": {
                "omnipay/tests": "~2.0"
            },
            "type": "library",
            "extra": {
                "branch-alias": {
                    "dev-master": "2.0.x-dev"
                }
            },
            "autoload": {
                "psr-4": {
                    "Omnipay\\Stripe\\": "src/"
                }
            },
            "notification-url": "https://packagist.org/downloads/",
            "license": [
                "MIT"
            ],
            "authors": [
                {
                    "name": "Adrian Macneil",
                    "email": "adrian@adrianmacneil.com"
                },
                {
                    "name": "Omnipay Contributors",
                    "homepage": "https://github.com/thephpleague/omnipay-stripe/contributors"
                }
            ],
            "description": "Stripe driver for the Omnipay payment processing library",
            "homepage": "https://github.com/thephpleague/omnipay-stripe",
            "keywords": [
                "gateway",
                "merchant",
                "omnipay",
                "pay",
                "payment",
                "stripe"
            ],
            "time": "2016-12-15T09:42:45+00:00"
        },
        {
            "name": "phpmailer/phpmailer",
            "version": "v5.2.23",
            "source": {
                "type": "git",
                "url": "https://github.com/PHPMailer/PHPMailer.git",
                "reference": "7115df4a6f76281109ebe352900c42403b728bb4"
            },
            "dist": {
                "type": "zip",
                "url": "https://api.github.com/repos/PHPMailer/PHPMailer/zipball/7115df4a6f76281109ebe352900c42403b728bb4",
                "reference": "7115df4a6f76281109ebe352900c42403b728bb4",
                "shasum": ""
            },
            "require": {
                "php": ">=5.0.0"
            },
            "require-dev": {
                "doctrine/annotations": "1.2.*",
                "jms/serializer": "0.16.*",
                "phpdocumentor/phpdocumentor": "2.*",
                "phpunit/phpunit": "4.8.*",
                "symfony/debug": "2.8.*",
                "symfony/filesystem": "2.8.*",
                "symfony/translation": "2.8.*",
                "symfony/yaml": "2.8.*",
                "zendframework/zend-cache": "2.5.1",
                "zendframework/zend-config": "2.5.1",
                "zendframework/zend-eventmanager": "2.5.1",
                "zendframework/zend-filter": "2.5.1",
                "zendframework/zend-i18n": "2.5.1",
                "zendframework/zend-json": "2.5.1",
                "zendframework/zend-math": "2.5.1",
                "zendframework/zend-serializer": "2.5.*",
                "zendframework/zend-servicemanager": "2.5.*",
                "zendframework/zend-stdlib": "2.5.1"
            },
            "suggest": {
                "league/oauth2-google": "Needed for Google XOAUTH2 authentication"
            },
            "type": "library",
            "autoload": {
                "classmap": [
                    "class.phpmailer.php",
                    "class.phpmaileroauth.php",
                    "class.phpmaileroauthgoogle.php",
                    "class.smtp.php",
                    "class.pop3.php",
                    "extras/EasyPeasyICS.php",
                    "extras/ntlm_sasl_client.php"
                ]
            },
            "notification-url": "https://packagist.org/downloads/",
            "license": [
                "LGPL-2.1"
            ],
            "authors": [
                {
                    "name": "Jim Jagielski",
                    "email": "jimjag@gmail.com"
                },
                {
                    "name": "Marcus Bointon",
                    "email": "phpmailer@synchromedia.co.uk"
                },
                {
                    "name": "Andy Prevost",
                    "email": "codeworxtech@users.sourceforge.net"
                },
                {
                    "name": "Brent R. Matzelle"
                }
            ],
            "description": "PHPMailer is a full-featured email creation and transfer class for PHP",
            "time": "2017-03-15T19:32:56+00:00"
        },
        {
            "name": "symfony/event-dispatcher",
            "version": "v2.8.18",
            "source": {
                "type": "git",
                "url": "https://github.com/symfony/event-dispatcher.git",
                "reference": "bb4ec47e8e109c1c1172145732d0aa468d967cd0"
            },
            "dist": {
                "type": "zip",
                "url": "https://api.github.com/repos/symfony/event-dispatcher/zipball/bb4ec47e8e109c1c1172145732d0aa468d967cd0",
                "reference": "bb4ec47e8e109c1c1172145732d0aa468d967cd0",
                "shasum": ""
            },
            "require": {
                "php": ">=5.3.9"
            },
            "require-dev": {
                "psr/log": "~1.0",
                "symfony/config": "^2.0.5|~3.0.0",
                "symfony/dependency-injection": "~2.6|~3.0.0",
                "symfony/expression-language": "~2.6|~3.0.0",
                "symfony/stopwatch": "~2.3|~3.0.0"
            },
            "suggest": {
                "symfony/dependency-injection": "",
                "symfony/http-kernel": ""
            },
            "type": "library",
            "extra": {
                "branch-alias": {
                    "dev-master": "2.8-dev"
                }
            },
            "autoload": {
                "psr-4": {
                    "Symfony\\Component\\EventDispatcher\\": ""
                },
                "exclude-from-classmap": [
                    "/Tests/"
                ]
            },
            "notification-url": "https://packagist.org/downloads/",
            "license": [
                "MIT"
            ],
            "authors": [
                {
                    "name": "Fabien Potencier",
                    "email": "fabien@symfony.com"
                },
                {
                    "name": "Symfony Community",
                    "homepage": "https://symfony.com/contributors"
                }
            ],
            "description": "Symfony EventDispatcher Component",
            "homepage": "https://symfony.com",
            "time": "2017-02-21T08:33:48+00:00"
        },
        {
            "name": "symfony/http-foundation",
            "version": "v3.2.6",
            "source": {
                "type": "git",
                "url": "https://github.com/symfony/http-foundation.git",
                "reference": "c57009887010eb4e58bfca2970314a5b820b24b9"
            },
            "dist": {
                "type": "zip",
                "url": "https://api.github.com/repos/symfony/http-foundation/zipball/c57009887010eb4e58bfca2970314a5b820b24b9",
                "reference": "c57009887010eb4e58bfca2970314a5b820b24b9",
                "shasum": ""
            },
            "require": {
                "php": ">=5.5.9",
                "symfony/polyfill-mbstring": "~1.1"
            },
            "require-dev": {
                "symfony/expression-language": "~2.8|~3.0"
            },
            "type": "library",
            "extra": {
                "branch-alias": {
                    "dev-master": "3.2-dev"
                }
            },
            "autoload": {
                "psr-4": {
                    "Symfony\\Component\\HttpFoundation\\": ""
                },
                "exclude-from-classmap": [
                    "/Tests/"
                ]
            },
            "notification-url": "https://packagist.org/downloads/",
            "license": [
                "MIT"
            ],
            "authors": [
                {
                    "name": "Fabien Potencier",
                    "email": "fabien@symfony.com"
                },
                {
                    "name": "Symfony Community",
                    "homepage": "https://symfony.com/contributors"
                }
            ],
            "description": "Symfony HttpFoundation Component",
            "homepage": "https://symfony.com",
            "time": "2017-03-04T12:23:14+00:00"
        },
        {
            "name": "symfony/polyfill-mbstring",
            "version": "v1.3.0",
            "source": {
                "type": "git",
                "url": "https://github.com/symfony/polyfill-mbstring.git",
                "reference": "e79d363049d1c2128f133a2667e4f4190904f7f4"
            },
            "dist": {
                "type": "zip",
                "url": "https://api.github.com/repos/symfony/polyfill-mbstring/zipball/e79d363049d1c2128f133a2667e4f4190904f7f4",
                "reference": "e79d363049d1c2128f133a2667e4f4190904f7f4",
                "shasum": ""
            },
            "require": {
                "php": ">=5.3.3"
            },
            "suggest": {
                "ext-mbstring": "For best performance"
            },
            "type": "library",
            "extra": {
                "branch-alias": {
                    "dev-master": "1.3-dev"
                }
            },
            "autoload": {
                "psr-4": {
                    "Symfony\\Polyfill\\Mbstring\\": ""
                },
                "files": [
                    "bootstrap.php"
                ]
            },
            "notification-url": "https://packagist.org/downloads/",
            "license": [
                "MIT"
            ],
            "authors": [
                {
                    "name": "Nicolas Grekas",
                    "email": "p@tchwork.com"
                },
                {
                    "name": "Symfony Community",
                    "homepage": "https://symfony.com/contributors"
                }
            ],
            "description": "Symfony polyfill for the Mbstring extension",
            "homepage": "https://symfony.com",
            "keywords": [
                "compatibility",
                "mbstring",
                "polyfill",
                "portable",
                "shim"
            ],
            "time": "2016-11-14T01:06:16+00:00"
        }
    ],
    "packages-dev": [
        {
            "name": "doctrine/lexer",
            "version": "v1.0.1",
            "source": {
                "type": "git",
                "url": "https://github.com/doctrine/lexer.git",
                "reference": "83893c552fd2045dd78aef794c31e694c37c0b8c"
            },
            "dist": {
                "type": "zip",
                "url": "https://api.github.com/repos/doctrine/lexer/zipball/83893c552fd2045dd78aef794c31e694c37c0b8c",
                "reference": "83893c552fd2045dd78aef794c31e694c37c0b8c",
                "shasum": ""
            },
            "require": {
                "php": ">=5.3.2"
            },
            "type": "library",
            "extra": {
                "branch-alias": {
                    "dev-master": "1.0.x-dev"
                }
            },
            "autoload": {
                "psr-0": {
                    "Doctrine\\Common\\Lexer\\": "lib/"
                }
            },
            "notification-url": "https://packagist.org/downloads/",
            "license": [
                "MIT"
            ],
            "authors": [
                {
                    "name": "Roman Borschel",
                    "email": "roman@code-factory.org"
                },
                {
                    "name": "Guilherme Blanco",
                    "email": "guilhermeblanco@gmail.com"
                },
                {
                    "name": "Johannes Schmitt",
                    "email": "schmittjoh@gmail.com"
                }
            ],
            "description": "Base library for a lexer that can be used in Top-Down, Recursive Descent Parsers.",
            "homepage": "http://www.doctrine-project.org",
            "keywords": [
                "lexer",
                "parser"
            ],
            "time": "2014-09-09T13:34:57+00:00"
        },
        {
            "name": "egulias/email-validator",
            "version": "2.1.2",
            "source": {
                "type": "git",
                "url": "https://github.com/egulias/EmailValidator.git",
                "reference": "bc31baa11ea2883e017f0a10d9722ef9d50eac1c"
            },
            "dist": {
                "type": "zip",
                "url": "https://api.github.com/repos/egulias/EmailValidator/zipball/bc31baa11ea2883e017f0a10d9722ef9d50eac1c",
                "reference": "bc31baa11ea2883e017f0a10d9722ef9d50eac1c",
                "shasum": ""
            },
            "require": {
                "doctrine/lexer": "^1.0.1",
                "php": ">= 5.5"
            },
            "require-dev": {
                "dominicsayers/isemail": "dev-master",
                "phpunit/phpunit": "^4.8.0",
                "satooshi/php-coveralls": "dev-master"
            },
            "suggest": {
                "ext-intl": "PHP Internationalization Libraries are required to use the SpoofChecking validation"
            },
            "type": "library",
            "extra": {
                "branch-alias": {
                    "dev-master": "2.0.x-dev"
                }
            },
            "autoload": {
                "psr-4": {
                    "Egulias\\EmailValidator\\": "EmailValidator"
                }
            },
            "notification-url": "https://packagist.org/downloads/",
            "license": [
                "MIT"
            ],
            "authors": [
                {
                    "name": "Eduardo Gulias Davis"
                }
            ],
            "description": "A library for validating emails against several RFCs",
            "homepage": "https://github.com/egulias/EmailValidator",
            "keywords": [
                "email",
                "emailvalidation",
                "emailvalidator",
                "validation",
                "validator"
            ],
            "time": "2017-01-30T22:07:36+00:00"
        },
        {
            "name": "phpstan/phpstan",
            "version": "0.12.17",
            "source": {
                "type": "git",
                "url": "https://github.com/phpstan/phpstan.git",
                "reference": "b2c37bda79fdb11d801ce208ce391cffc0f572e6"
            },
            "dist": {
                "type": "zip",
                "url": "https://api.github.com/repos/phpstan/phpstan/zipball/b2c37bda79fdb11d801ce208ce391cffc0f572e6",
                "reference": "b2c37bda79fdb11d801ce208ce391cffc0f572e6",
                "shasum": ""
            },
            "require": {
                "php": "^7.1"
            },
            "bin": [
                "phpstan",
                "phpstan.phar"
            ],
            "type": "library",
            "extra": {
                "branch-alias": {
                    "dev-master": "0.12-dev"
                }
            },
            "autoload": {
                "files": [
                    "bootstrap.php"
                ]
            },
            "notification-url": "https://packagist.org/downloads/",
            "license": [
                "MIT"
            ],
            "description": "PHPStan - PHP Static Analysis Tool",
            "time": "2020-03-17T15:39:11+00:00"
        },
        {
            "name": "respect/validation",
            "version": "1.1.12",
            "source": {
                "type": "git",
                "url": "https://github.com/Respect/Validation.git",
                "reference": "5ab87d1dd932872f6670136a513f72ff9ea41c67"
            },
            "dist": {
                "type": "zip",
                "url": "https://api.github.com/repos/Respect/Validation/zipball/5ab87d1dd932872f6670136a513f72ff9ea41c67",
                "reference": "5ab87d1dd932872f6670136a513f72ff9ea41c67",
                "shasum": ""
            },
            "require": {
                "php": ">=5.4",
                "symfony/polyfill-mbstring": "^1.2"
            },
            "require-dev": {
                "egulias/email-validator": "~1.2",
                "malkusch/bav": "~1.0",
                "mikey179/vfsstream": "^1.5",
                "phpunit/phpunit": "~4.0",
                "symfony/validator": "~2.6.9",
                "zendframework/zend-validator": "~2.3"
            },
            "suggest": {
                "egulias/email-validator": "Strict (RFC compliant) email validation",
                "ext-bcmath": "Arbitrary Precision Mathematics",
                "ext-mbstring": "Multibyte String Functions",
                "fabpot/php-cs-fixer": "Fix PSR2 and other coding style issues",
                "malkusch/bav": "German bank account validation",
                "symfony/validator": "Use Symfony validator through Respect\\Validation",
                "zendframework/zend-validator": "Use Zend Framework validator through Respect\\Validation"
            },
            "type": "library",
            "extra": {
                "branch-alias": {
                    "dev-master": "1.1-dev"
                }
            },
            "autoload": {
                "psr-4": {
                    "Respect\\Validation\\": "library/"
                }
            },
            "notification-url": "https://packagist.org/downloads/",
            "license": [
                "BSD Style"
            ],
            "authors": [
                {
                    "name": "Respect/Validation Contributors",
                    "homepage": "https://github.com/Respect/Validation/graphs/contributors"
                }
            ],
            "description": "The most awesome validation engine ever created for PHP",
            "homepage": "http://respect.github.io/Validation/",
            "keywords": [
                "respect",
                "validation",
                "validator"
            ],
            "time": "2017-03-14T09:44:11+00:00"
        }
    ],
    "aliases": [],
    "minimum-stability": "stable",
    "stability-flags": [],
    "prefer-stable": false,
    "prefer-lowest": false,
    "platform": [],
    "platform-dev": []
}
